{
  "name": "intelligent-code-completion",
  "version": "1.0.0",
  "lockfileVersion": 1,
  "requires": true,
  "dependencies": {
    "acorn": {
      "version": "8.5.0",
      "resolved": "https://registry.npmjs.org/acorn/-/acorn-8.5.0.tgz",
      "integrity": "sha512-yXbYeFy+jUuYd3/CDcg2NkIYE991XYX/bje7LmjJigUciaeO1JR4XxXgCIV1/Zc/dRuFEyw1L0pbA+qynJkW5Q=="
    },
    "acorn-loose": {
      "version": "8.2.1",
      "resolved": "https://registry.npmjs.org/acorn-loose/-/acorn-loose-8.2.1.tgz",
      "integrity": "sha512-/sVu5wCtWrX6ChLCMzBTmNkXSoyRKunTf6HjHMswzMmzIyE8vU+HYlgd2kFF/A9Av9j+b9/d/FzxrmcH0lCrBw==",
      "requires": {
        "acorn": "^8.5.0"
      }
    }
  }
}
